// !$*UTF8*$!
{
	archiveVersion = 1;
	classes = {
	};
	objectVersion = 48;
	objects = {

/* Begin PBXBuildFile section */
		4D1C3A51205223470014DDE9 /* AppDelegate.swift in Sources */ = {isa = PBXBuildFile; fileRef = 4D1C3A50205223470014DDE9 /* AppDelegate.swift */; };
		4D1C3A5A205223470014DDE9 /* Assets.xcassets in Resources */ = {isa = PBXBuildFile; fileRef = 4D1C3A59205223470014DDE9 /* Assets.xcassets */; };
		4D2A45C420596E3500A2BE99 /* MCStorageRecordListViewController.swift in Sources */ = {isa = PBXBuildFile; fileRef = 4D2A45C220596E3500A2BE99 /* MCStorageRecordListViewController.swift */; };
		4D2A45C7205974EE00A2BE99 /* MCSellRecordListViewController.swift in Sources */ = {isa = PBXBuildFile; fileRef = 4D2A45C6205974EE00A2BE99 /* MCSellRecordListViewController.swift */; };
		4D2A45D3205A68D700A2BE99 /* StorageRecordTableViewCell.swift in Sources */ = {isa = PBXBuildFile; fileRef = 4D2A45D1205A68D700A2BE99 /* StorageRecordTableViewCell.swift */; };
		4D2A45D4205A68D700A2BE99 /* StorageRecordTableViewCell.xib in Resources */ = {isa = PBXBuildFile; fileRef = 4D2A45D2205A68D700A2BE99 /* StorageRecordTableViewCell.xib */; };
		4D2A45D6205BB69D00A2BE99 /* Main.storyboard in Resources */ = {isa = PBXBuildFile; fileRef = 4D1C3A56205223470014DDE9 /* Main.storyboard */; };
		4D2A45D8205BB7DD00A2BE99 /* MCStorageRecordModel.swift in Sources */ = {isa = PBXBuildFile; fileRef = 4D2A45D7205BB7DD00A2BE99 /* MCStorageRecordModel.swift */; };
		4D2A45EB206001D600A2BE99 /* MCAddStorageViewController.swift in Sources */ = {isa = PBXBuildFile; fileRef = 4D2A45E9206001D600A2BE99 /* MCAddStorageViewController.swift */; };
		4D2A45EC206001D600A2BE99 /* MCAddStorageViewController.xib in Resources */ = {isa = PBXBuildFile; fileRef = 4D2A45EA206001D600A2BE99 /* MCAddStorageViewController.xib */; };
		4D2A45EF2060036F00A2BE99 /* MCStorageRecordDetailViewController.swift in Sources */ = {isa = PBXBuildFile; fileRef = 4D2A45ED2060036F00A2BE99 /* MCStorageRecordDetailViewController.swift */; };
		4D2A45F02060036F00A2BE99 /* MCStorageRecordDetailViewController.xib in Resources */ = {isa = PBXBuildFile; fileRef = 4D2A45EE2060036F00A2BE99 /* MCStorageRecordDetailViewController.xib */; };
		4D52FF3A206208A200ABB17A /* MCDatabaseHelper.swift in Sources */ = {isa = PBXBuildFile; fileRef = 4D52FF39206208A200ABB17A /* MCDatabaseHelper.swift */; };
		4D52FF4B20639D0E00ABB17A /* MCBaseViewController.swift in Sources */ = {isa = PBXBuildFile; fileRef = 4D52FF4A20639D0E00ABB17A /* MCBaseViewController.swift */; };
		4D52FF4F2063D40A00ABB17A /* SwiftHEXColors.swift in Sources */ = {isa = PBXBuildFile; fileRef = 4D52FF4D2063D40900ABB17A /* SwiftHEXColors.swift */; };
		4D775B86207DE3C80097CDD9 /* CleanroomLogger.framework in Frameworks */ = {isa = PBXBuildFile; fileRef = 4D52FF4620639B7700ABB17A /* CleanroomLogger.framework */; };
		4D775B87207DE3C80097CDD9 /* SQLite.framework in Frameworks */ = {isa = PBXBuildFile; fileRef = 4D52FF362061FB0A00ABB17A /* SQLite.framework */; };
		4D775B88207DE3C80097CDD9 /* ReactiveSwift.framework in Frameworks */ = {isa = PBXBuildFile; fileRef = 4D2A45DC205BBB2A00A2BE99 /* ReactiveSwift.framework */; };
		4D775B89207DE3C80097CDD9 /* Result.framework in Frameworks */ = {isa = PBXBuildFile; fileRef = 4D2A45D9205BBAF400A2BE99 /* Result.framework */; };
		4D775B8A207DE3C80097CDD9 /* ReactiveCocoa.framework in Frameworks */ = {isa = PBXBuildFile; fileRef = 4D1C3AA220558CD20014DDE9 /* ReactiveCocoa.framework */; };
		4D775B8B207DE3E70097CDD9 /* CleanroomLogger.framework in Frameworks */ = {isa = PBXBuildFile; fileRef = 4D52FF4620639B7700ABB17A /* CleanroomLogger.framework */; };
		4D775B8C207DE3E70097CDD9 /* CleanroomLogger.framework in Embed Frameworks */ = {isa = PBXBuildFile; fileRef = 4D52FF4620639B7700ABB17A /* CleanroomLogger.framework */; settings = {ATTRIBUTES = (CodeSignOnCopy, RemoveHeadersOnCopy, ); }; };
		4D775B8D207DE3E70097CDD9 /* SQLite.framework in Frameworks */ = {isa = PBXBuildFile; fileRef = 4D52FF362061FB0A00ABB17A /* SQLite.framework */; };
		4D775B8E207DE3E70097CDD9 /* SQLite.framework in Embed Frameworks */ = {isa = PBXBuildFile; fileRef = 4D52FF362061FB0A00ABB17A /* SQLite.framework */; settings = {ATTRIBUTES = (CodeSignOnCopy, RemoveHeadersOnCopy, ); }; };
		4D775B8F207DE3E70097CDD9 /* ReactiveSwift.framework in Frameworks */ = {isa = PBXBuildFile; fileRef = 4D2A45DC205BBB2A00A2BE99 /* ReactiveSwift.framework */; };
		4D775B90207DE3E70097CDD9 /* ReactiveSwift.framework in Embed Frameworks */ = {isa = PBXBuildFile; fileRef = 4D2A45DC205BBB2A00A2BE99 /* ReactiveSwift.framework */; settings = {ATTRIBUTES = (CodeSignOnCopy, RemoveHeadersOnCopy, ); }; };
		4D775B91207DE3E70097CDD9 /* Result.framework in Frameworks */ = {isa = PBXBuildFile; fileRef = 4D2A45D9205BBAF400A2BE99 /* Result.framework */; };
		4D775B92207DE3E70097CDD9 /* Result.framework in Embed Frameworks */ = {isa = PBXBuildFile; fileRef = 4D2A45D9205BBAF400A2BE99 /* Result.framework */; settings = {ATTRIBUTES = (CodeSignOnCopy, RemoveHeadersOnCopy, ); }; };
		4D775B93207DE3E70097CDD9 /* ReactiveCocoa.framework in Frameworks */ = {isa = PBXBuildFile; fileRef = 4D1C3AA220558CD20014DDE9 /* ReactiveCocoa.framework */; };
		4D775B94207DE3E70097CDD9 /* ReactiveCocoa.framework in Embed Frameworks */ = {isa = PBXBuildFile; fileRef = 4D1C3AA220558CD20014DDE9 /* ReactiveCocoa.framework */; settings = {ATTRIBUTES = (CodeSignOnCopy, RemoveHeadersOnCopy, ); }; };
		4DAB14AE2079F391007CBD54 /* MCSettingsViewController.swift in Sources */ = {isa = PBXBuildFile; fileRef = 4DAB14AD2079F391007CBD54 /* MCSettingsViewController.swift */; };
		4DAB14B1207A082D007CBD54 /* MCCategoryManageViewController.swift in Sources */ = {isa = PBXBuildFile; fileRef = 4DAB14AF207A082D007CBD54 /* MCCategoryManageViewController.swift */; };
		4DAB14B2207A082D007CBD54 /* MCCategoryManageViewController.xib in Resources */ = {isa = PBXBuildFile; fileRef = 4DAB14B0207A082D007CBD54 /* MCCategoryManageViewController.xib */; };
		4DC2826B207B069100462A2D /* MCChannelManagementViewController.swift in Sources */ = {isa = PBXBuildFile; fileRef = 4DC28269207B069100462A2D /* MCChannelManagementViewController.swift */; };
		4DC2826C207B069100462A2D /* MCChannelManagementViewController.xib in Resources */ = {isa = PBXBuildFile; fileRef = 4DC2826A207B069100462A2D /* MCChannelManagementViewController.xib */; };
/* End PBXBuildFile section */

/* Begin PBXCopyFilesBuildPhase section */
		4D775B95207DE3E70097CDD9 /* Embed Frameworks */ = {
			isa = PBXCopyFilesBuildPhase;
			buildActionMask = 2147483647;
			dstPath = "";
			dstSubfolderSpec = 10;
			files = (
				4D775B8E207DE3E70097CDD9 /* SQLite.framework in Embed Frameworks */,
				4D775B8C207DE3E70097CDD9 /* CleanroomLogger.framework in Embed Frameworks */,
				4D775B90207DE3E70097CDD9 /* ReactiveSwift.framework in Embed Frameworks */,
				4D775B92207DE3E70097CDD9 /* Result.framework in Embed Frameworks */,
				4D775B94207DE3E70097CDD9 /* ReactiveCocoa.framework in Embed Frameworks */,
			);
			name = "Embed Frameworks";
			runOnlyForDeploymentPostprocessing = 0;
		};
/* End PBXCopyFilesBuildPhase section */

/* Begin PBXFileReference section */
		4D1C3A4D205223470014DDE9 /* VEST.app */ = {isa = PBXFileReference; explicitFileType = wrapper.application; includeInIndex = 0; path = VEST.app; sourceTree = BUILT_PRODUCTS_DIR; };
		4D1C3A50205223470014DDE9 /* AppDelegate.swift */ = {isa = PBXFileReference; lastKnownFileType = sourcecode.swift; path = AppDelegate.swift; sourceTree = "<group>"; };
		4D1C3A57205223470014DDE9 /* Base */ = {isa = PBXFileReference; lastKnownFileType = file.storyboard; name = Base; path = Base.lproj/Main.storyboard; sourceTree = "<group>"; };
		4D1C3A59205223470014DDE9 /* Assets.xcassets */ = {isa = PBXFileReference; lastKnownFileType = folder.assetcatalog; path = Assets.xcassets; sourceTree = "<group>"; };
		4D1C3A5C205223470014DDE9 /* Base */ = {isa = PBXFileReference; lastKnownFileType = file.storyboard; name = Base; path = Base.lproj/LaunchScreen.storyboard; sourceTree = "<group>"; };
		4D1C3A5E205223470014DDE9 /* Info.plist */ = {isa = PBXFileReference; lastKnownFileType = text.plist.xml; path = Info.plist; sourceTree = "<group>"; };
		4D1C3AA220558CD20014DDE9 /* ReactiveCocoa.framework */ = {isa = PBXFileReference; lastKnownFileType = wrapper.framework; name = ReactiveCocoa.framework; path = ../Carthage/Build/iOS/ReactiveCocoa.framework; sourceTree = "<group>"; };
		4D2A45C220596E3500A2BE99 /* MCStorageRecordListViewController.swift */ = {isa = PBXFileReference; lastKnownFileType = sourcecode.swift; path = MCStorageRecordListViewController.swift; sourceTree = "<group>"; };
		4D2A45C6205974EE00A2BE99 /* MCSellRecordListViewController.swift */ = {isa = PBXFileReference; lastKnownFileType = sourcecode.swift; path = MCSellRecordListViewController.swift; sourceTree = "<group>"; };
		4D2A45D1205A68D700A2BE99 /* StorageRecordTableViewCell.swift */ = {isa = PBXFileReference; lastKnownFileType = sourcecode.swift; path = StorageRecordTableViewCell.swift; sourceTree = "<group>"; };
		4D2A45D2205A68D700A2BE99 /* StorageRecordTableViewCell.xib */ = {isa = PBXFileReference; lastKnownFileType = file.xib; path = StorageRecordTableViewCell.xib; sourceTree = "<group>"; };
		4D2A45D7205BB7DD00A2BE99 /* MCStorageRecordModel.swift */ = {isa = PBXFileReference; lastKnownFileType = sourcecode.swift; path = MCStorageRecordModel.swift; sourceTree = "<group>"; };
		4D2A45D9205BBAF400A2BE99 /* Result.framework */ = {isa = PBXFileReference; lastKnownFileType = wrapper.framework; name = Result.framework; path = ../Carthage/Build/iOS/Result.framework; sourceTree = "<group>"; };
		4D2A45DC205BBB2A00A2BE99 /* ReactiveSwift.framework */ = {isa = PBXFileReference; lastKnownFileType = wrapper.framework; name = ReactiveSwift.framework; path = ../Carthage/Build/iOS/ReactiveSwift.framework; sourceTree = "<group>"; };
		4D2A45E9206001D600A2BE99 /* MCAddStorageViewController.swift */ = {isa = PBXFileReference; lastKnownFileType = sourcecode.swift; path = MCAddStorageViewController.swift; sourceTree = "<group>"; };
		4D2A45EA206001D600A2BE99 /* MCAddStorageViewController.xib */ = {isa = PBXFileReference; lastKnownFileType = file.xib; path = MCAddStorageViewController.xib; sourceTree = "<group>"; };
		4D2A45ED2060036F00A2BE99 /* MCStorageRecordDetailViewController.swift */ = {isa = PBXFileReference; lastKnownFileType = sourcecode.swift; path = MCStorageRecordDetailViewController.swift; sourceTree = "<group>"; };
		4D2A45EE2060036F00A2BE99 /* MCStorageRecordDetailViewController.xib */ = {isa = PBXFileReference; lastKnownFileType = file.xib; path = MCStorageRecordDetailViewController.xib; sourceTree = "<group>"; };
		4D52FF362061FB0A00ABB17A /* SQLite.framework */ = {isa = PBXFileReference; lastKnownFileType = wrapper.framework; name = SQLite.framework; path = ../Carthage/Build/iOS/SQLite.framework; sourceTree = "<group>"; };
		4D52FF39206208A200ABB17A /* MCDatabaseHelper.swift */ = {isa = PBXFileReference; lastKnownFileType = sourcecode.swift; path = MCDatabaseHelper.swift; sourceTree = "<group>"; };
		4D52FF4620639B7700ABB17A /* CleanroomLogger.framework */ = {isa = PBXFileReference; lastKnownFileType = wrapper.framework; name = CleanroomLogger.framework; path = ../Carthage/Build/iOS/CleanroomLogger.framework; sourceTree = "<group>"; };
		4D52FF4A20639D0E00ABB17A /* MCBaseViewController.swift */ = {isa = PBXFileReference; lastKnownFileType = sourcecode.swift; path = MCBaseViewController.swift; sourceTree = "<group>"; };
		4D52FF4D2063D40900ABB17A /* SwiftHEXColors.swift */ = {isa = PBXFileReference; fileEncoding = 4; lastKnownFileType = sourcecode.swift; path = SwiftHEXColors.swift; sourceTree = "<group>"; };
		4DAB14AD2079F391007CBD54 /* MCSettingsViewController.swift */ = {isa = PBXFileReference; lastKnownFileType = sourcecode.swift; path = MCSettingsViewController.swift; sourceTree = "<group>"; };
		4DAB14AF207A082D007CBD54 /* MCCategoryManageViewController.swift */ = {isa = PBXFileReference; lastKnownFileType = sourcecode.swift; path = MCCategoryManageViewController.swift; sourceTree = "<group>"; };
		4DAB14B0207A082D007CBD54 /* MCCategoryManageViewController.xib */ = {isa = PBXFileReference; lastKnownFileType = file.xib; path = MCCategoryManageViewController.xib; sourceTree = "<group>"; };
		4DC28269207B069100462A2D /* MCChannelManagementViewController.swift */ = {isa = PBXFileReference; lastKnownFileType = sourcecode.swift; path = MCChannelManagementViewController.swift; sourceTree = "<group>"; };
		4DC2826A207B069100462A2D /* MCChannelManagementViewController.xib */ = {isa = PBXFileReference; lastKnownFileType = file.xib; path = MCChannelManagementViewController.xib; sourceTree = "<group>"; };
/* End PBXFileReference section */

/* Begin PBXFrameworksBuildPhase section */
		4D1C3A4A205223470014DDE9 /* Frameworks */ = {
			isa = PBXFrameworksBuildPhase;
			buildActionMask = 2147483647;
			files = (
				4D775B8D207DE3E70097CDD9 /* SQLite.framework in Frameworks */,
				4D775B86207DE3C80097CDD9 /* CleanroomLogger.framework in Frameworks */,
				4D775B87207DE3C80097CDD9 /* SQLite.framework in Frameworks */,
				4D775B91207DE3E70097CDD9 /* Result.framework in Frameworks */,
				4D775B8F207DE3E70097CDD9 /* ReactiveSwift.framework in Frameworks */,
				4D775B88207DE3C80097CDD9 /* ReactiveSwift.framework in Frameworks */,
				4D775B8B207DE3E70097CDD9 /* CleanroomLogger.framework in Frameworks */,
				4D775B89207DE3C80097CDD9 /* Result.framework in Frameworks */,
				4D775B8A207DE3C80097CDD9 /* ReactiveCocoa.framework in Frameworks */,
				4D775B93207DE3E70097CDD9 /* ReactiveCocoa.framework in Frameworks */,
			);
			runOnlyForDeploymentPostprocessing = 0;
		};
/* End PBXFrameworksBuildPhase section */

/* Begin PBXGroup section */
		4D1C3A44205223470014DDE9 = {
			isa = PBXGroup;
			children = (
				4D1C3A4F205223470014DDE9 /* vest */,
				4D1C3A4E205223470014DDE9 /* Products */,
				4D52FF4020629D7900ABB17A /* Frameworks */,
			);
			sourceTree = "<group>";
		};
		4D1C3A4E205223470014DDE9 /* Products */ = {
			isa = PBXGroup;
			children = (
				4D1C3A4D205223470014DDE9 /* VEST.app */,
			);
			name = Products;
			sourceTree = "<group>";
		};
		4D1C3A4F205223470014DDE9 /* vest */ = {
			isa = PBXGroup;
			children = (
				4D2A45BD20596BF100A2BE99 /* Storage */,
				4D2A45BF20596D5700A2BE99 /* Sell */,
				4D2A45C020596D7100A2BE99 /* Summary */,
				4D2A45C120596D8600A2BE99 /* Setting */,
				4D52FF4920639CE400ABB17A /* Common */,
				4D1C3A50205223470014DDE9 /* AppDelegate.swift */,
				4D1C3A56205223470014DDE9 /* Main.storyboard */,
				4D1C3A59205223470014DDE9 /* Assets.xcassets */,
				4D1C3A5B205223470014DDE9 /* LaunchScreen.storyboard */,
				4D1C3A5E205223470014DDE9 /* Info.plist */,
			);
			path = vest;
			sourceTree = "<group>";
		};
		4D2A45BD20596BF100A2BE99 /* Storage */ = {
			isa = PBXGroup;
			children = (
				4D2A45D0205A68B700A2BE99 /* Model */,
				4D2A45CF205A68AD00A2BE99 /* Cell */,
				4D2A45C220596E3500A2BE99 /* MCStorageRecordListViewController.swift */,
				4D2A45E9206001D600A2BE99 /* MCAddStorageViewController.swift */,
				4D2A45EA206001D600A2BE99 /* MCAddStorageViewController.xib */,
				4D2A45ED2060036F00A2BE99 /* MCStorageRecordDetailViewController.swift */,
				4D2A45EE2060036F00A2BE99 /* MCStorageRecordDetailViewController.xib */,
			);
			path = Storage;
			sourceTree = "<group>";
		};
		4D2A45BF20596D5700A2BE99 /* Sell */ = {
			isa = PBXGroup;
			children = (
				4D2A45C6205974EE00A2BE99 /* MCSellRecordListViewController.swift */,
			);
			path = Sell;
			sourceTree = "<group>";
		};
		4D2A45C020596D7100A2BE99 /* Summary */ = {
			isa = PBXGroup;
			children = (
			);
			path = Summary;
			sourceTree = "<group>";
		};
		4D2A45C120596D8600A2BE99 /* Setting */ = {
			isa = PBXGroup;
			children = (
				4DAB14AD2079F391007CBD54 /* MCSettingsViewController.swift */,
				4DAB14AF207A082D007CBD54 /* MCCategoryManageViewController.swift */,
				4DAB14B0207A082D007CBD54 /* MCCategoryManageViewController.xib */,
				4DC28269207B069100462A2D /* MCChannelManagementViewController.swift */,
				4DC2826A207B069100462A2D /* MCChannelManagementViewController.xib */,
			);
			path = Setting;
			sourceTree = "<group>";
		};
		4D2A45CF205A68AD00A2BE99 /* Cell */ = {
			isa = PBXGroup;
			children = (
				4D2A45D1205A68D700A2BE99 /* StorageRecordTableViewCell.swift */,
				4D2A45D2205A68D700A2BE99 /* StorageRecordTableViewCell.xib */,
			);
			path = Cell;
			sourceTree = "<group>";
		};
		4D2A45D0205A68B700A2BE99 /* Model */ = {
			isa = PBXGroup;
			children = (
				4D2A45D7205BB7DD00A2BE99 /* MCStorageRecordModel.swift */,
			);
			path = Model;
			sourceTree = "<group>";
		};
		4D52FF382062073100ABB17A /* DB */ = {
			isa = PBXGroup;
			children = (
				4D52FF39206208A200ABB17A /* MCDatabaseHelper.swift */,
			);
			path = DB;
			sourceTree = "<group>";
		};
		4D52FF4020629D7900ABB17A /* Frameworks */ = {
			isa = PBXGroup;
			children = (
				4D52FF4620639B7700ABB17A /* CleanroomLogger.framework */,
				4D52FF362061FB0A00ABB17A /* SQLite.framework */,
				4D2A45DC205BBB2A00A2BE99 /* ReactiveSwift.framework */,
				4D2A45D9205BBAF400A2BE99 /* Result.framework */,
				4D1C3AA220558CD20014DDE9 /* ReactiveCocoa.framework */,
			);
			name = Frameworks;
			sourceTree = "<group>";
		};
		4D52FF4820639C7B00ABB17A /* Base */ = {
			isa = PBXGroup;
			children = (
				4D52FF4A20639D0E00ABB17A /* MCBaseViewController.swift */,
			);
			path = Base;
			sourceTree = "<group>";
		};
		4D52FF4920639CE400ABB17A /* Common */ = {
			isa = PBXGroup;
			children = (
				4D52FF4C2063D3F600ABB17A /* Color */,
				4D52FF4820639C7B00ABB17A /* Base */,
				4D52FF382062073100ABB17A /* DB */,
			);
			path = Common;
			sourceTree = "<group>";
		};
		4D52FF4C2063D3F600ABB17A /* Color */ = {
			isa = PBXGroup;
			children = (
				4D52FF4D2063D40900ABB17A /* SwiftHEXColors.swift */,
			);
			path = Color;
			sourceTree = "<group>";
		};
/* End PBXGroup section */

/* Begin PBXNativeTarget section */
		4D1C3A4C205223470014DDE9 /* VEST */ = {
			isa = PBXNativeTarget;
			buildConfigurationList = 4D1C3A61205223470014DDE9 /* Build configuration list for PBXNativeTarget "VEST" */;
			buildPhases = (
				4D1C3A49205223470014DDE9 /* Sources */,
				4D1C3A4A205223470014DDE9 /* Frameworks */,
				4D1C3A4B205223470014DDE9 /* Resources */,
				4D1C3A782055865A0014DDE9 /* ShellScript */,
				4D775B95207DE3E70097CDD9 /* Embed Frameworks */,
			);
			buildRules = (
			);
			dependencies = (
			);
			name = VEST;
			productName = vest;
			productReference = 4D1C3A4D205223470014DDE9 /* VEST.app */;
			productType = "com.apple.product-type.application";
		};
/* End PBXNativeTarget section */

/* Begin PBXProject section */
		4D1C3A45205223470014DDE9 /* Project object */ = {
			isa = PBXProject;
			attributes = {
				LastSwiftUpdateCheck = 0920;
				LastUpgradeCheck = 0920;
				ORGANIZATIONNAME = Mark;
				TargetAttributes = {
					4D1C3A4C205223470014DDE9 = {
						CreatedOnToolsVersion = 9.2;
						ProvisioningStyle = Automatic;
					};
				};
			};
			buildConfigurationList = 4D1C3A48205223470014DDE9 /* Build configuration list for PBXProject "vest" */;
			compatibilityVersion = "Xcode 8.0";
			developmentRegion = en;
			hasScannedForEncodings = 0;
			knownRegions = (
				en,
				Base,
			);
			mainGroup = 4D1C3A44205223470014DDE9;
			productRefGroup = 4D1C3A4E205223470014DDE9 /* Products */;
			projectDirPath = "";
			projectRoot = "";
			targets = (
				4D1C3A4C205223470014DDE9 /* VEST */,
			);
		};
/* End PBXProject section */

/* Begin PBXResourcesBuildPhase section */
		4D1C3A4B205223470014DDE9 /* Resources */ = {
			isa = PBXResourcesBuildPhase;
			buildActionMask = 2147483647;
			files = (
				4D2A45D6205BB69D00A2BE99 /* Main.storyboard in Resources */,
				4D2A45F02060036F00A2BE99 /* MCStorageRecordDetailViewController.xib in Resources */,
				4DC2826C207B069100462A2D /* MCChannelManagementViewController.xib in Resources */,
				4D1C3A5A205223470014DDE9 /* Assets.xcassets in Resources */,
				4D2A45EC206001D600A2BE99 /* MCAddStorageViewController.xib in Resources */,
				4D2A45D4205A68D700A2BE99 /* StorageRecordTableViewCell.xib in Resources */,
				4DAB14B2207A082D007CBD54 /* MCCategoryManageViewController.xib in Resources */,
			);
			runOnlyForDeploymentPostprocessing = 0;
		};
/* End PBXResourcesBuildPhase section */

/* Begin PBXShellScriptBuildPhase section */
		4D1C3A782055865A0014DDE9 /* ShellScript */ = {
			isa = PBXShellScriptBuildPhase;
			buildActionMask = 8;
			files = (
			);
			inputPaths = (
			);
			outputPaths = (
			);
			runOnlyForDeploymentPostprocessing = 1;
			shellPath = /bin/sh;
			shellScript = "/usr/local/bin/carthage copy-frameworks";
		};
/* End PBXShellScriptBuildPhase section */

/* Begin PBXSourcesBuildPhase section */
		4D1C3A49205223470014DDE9 /* Sources */ = {
			isa = PBXSourcesBuildPhase;
			buildActionMask = 2147483647;
			files = (
				4D2A45D8205BB7DD00A2BE99 /* MCStorageRecordModel.swift in Sources */,
				4D52FF4F2063D40A00ABB17A /* SwiftHEXColors.swift in Sources */,
				4D2A45D3205A68D700A2BE99 /* StorageRecordTableViewCell.swift in Sources */,
				4D2A45EB206001D600A2BE99 /* MCAddStorageViewController.swift in Sources */,
				4D52FF4B20639D0E00ABB17A /* MCBaseViewController.swift in Sources */,
				4DC2826B207B069100462A2D /* MCChannelManagementViewController.swift in Sources */,
				4D2A45C7205974EE00A2BE99 /* MCSellRecordListViewController.swift in Sources */,
				4D1C3A51205223470014DDE9 /* AppDelegate.swift in Sources */,
				4DAB14AE2079F391007CBD54 /* MCSettingsViewController.swift in Sources */,
				4D2A45EF2060036F00A2BE99 /* MCStorageRecordDetailViewController.swift in Sources */,
				4DAB14B1207A082D007CBD54 /* MCCategoryManageViewController.swift in Sources */,
				4D52FF3A206208A200ABB17A /* MCDatabaseHelper.swift in Sources */,
				4D2A45C420596E3500A2BE99 /* MCStorageRecordListViewController.swift in Sources */,
			);
			runOnlyForDeploymentPostprocessing = 0;
		};
/* End PBXSourcesBuildPhase section */

/* Begin PBXVariantGroup section */
		4D1C3A56205223470014DDE9 /* Main.storyboard */ = {
			isa = PBXVariantGroup;
			children = (
				4D1C3A57205223470014DDE9 /* Base */,
			);
			name = Main.storyboard;
			sourceTree = "<group>";
		};
		4D1C3A5B205223470014DDE9 /* LaunchScreen.storyboard */ = {
			isa = PBXVariantGroup;
			children = (
				4D1C3A5C205223470014DDE9 /* Base */,
			);
			name = LaunchScreen.storyboard;
			sourceTree = "<group>";
		};
/* End PBXVariantGroup section */

/* Begin XCBuildConfiguration section */
		4D1C3A5F205223470014DDE9 /* Debug */ = {
			isa = XCBuildConfiguration;
			buildSettings = {
				ALWAYS_SEARCH_USER_PATHS = NO;
				CLANG_ANALYZER_NONNULL = YES;
				CLANG_ANALYZER_NUMBER_OBJECT_CONVERSION = YES_AGGRESSIVE;
				CLANG_CXX_LANGUAGE_STANDARD = "gnu++14";
				CLANG_CXX_LIBRARY = "libc++";
				CLANG_ENABLE_MODULES = YES;
				CLANG_ENABLE_OBJC_ARC = YES;
				CLANG_WARN_BLOCK_CAPTURE_AUTORELEASING = YES;
				CLANG_WARN_BOOL_CONVERSION = YES;
				CLANG_WARN_COMMA = YES;
				CLANG_WARN_CONSTANT_CONVERSION = YES;
				CLANG_WARN_DIRECT_OBJC_ISA_USAGE = YES_ERROR;
				CLANG_WARN_DOCUMENTATION_COMMENTS = YES;
				CLANG_WARN_EMPTY_BODY = YES;
				CLANG_WARN_ENUM_CONVERSION = YES;
				CLANG_WARN_INFINITE_RECURSION = YES;
				CLANG_WARN_INT_CONVERSION = YES;
				CLANG_WARN_NON_LITERAL_NULL_CONVERSION = YES;
				CLANG_WARN_OBJC_LITERAL_CONVERSION = YES;
				CLANG_WARN_OBJC_ROOT_CLASS = YES_ERROR;
				CLANG_WARN_RANGE_LOOP_ANALYSIS = YES;
				CLANG_WARN_STRICT_PROTOTYPES = YES;
				CLANG_WARN_SUSPICIOUS_MOVE = YES;
				CLANG_WARN_UNGUARDED_AVAILABILITY = YES_AGGRESSIVE;
				CLANG_WARN_UNREACHABLE_CODE = YES;
				CLANG_WARN__DUPLICATE_METHOD_MATCH = YES;
				CODE_SIGN_IDENTITY = "iPhone Developer";
				COPY_PHASE_STRIP = NO;
				DEBUG_INFORMATION_FORMAT = dwarf;
				ENABLE_STRICT_OBJC_MSGSEND = YES;
				ENABLE_TESTABILITY = YES;
				GCC_C_LANGUAGE_STANDARD = gnu11;
				GCC_DYNAMIC_NO_PIC = NO;
				GCC_NO_COMMON_BLOCKS = YES;
				GCC_OPTIMIZATION_LEVEL = 0;
				GCC_PREPROCESSOR_DEFINITIONS = (
					"DEBUG=1",
					"$(inherited)",
				);
				GCC_WARN_64_TO_32_BIT_CONVERSION = YES;
				GCC_WARN_ABOUT_RETURN_TYPE = YES_ERROR;
				GCC_WARN_UNDECLARED_SELECTOR = YES;
				GCC_WARN_UNINITIALIZED_AUTOS = YES_AGGRESSIVE;
				GCC_WARN_UNUSED_FUNCTION = YES;
				GCC_WARN_UNUSED_VARIABLE = YES;
				IPHONEOS_DEPLOYMENT_TARGET = 9.0;
				MTL_ENABLE_DEBUG_INFO = YES;
				ONLY_ACTIVE_ARCH = YES;
				PRODUCT_NAME = "$(TARGET_NAME)";
				SDKROOT = iphoneos;
				SWIFT_ACTIVE_COMPILATION_CONDITIONS = DEBUG;
				SWIFT_OPTIMIZATION_LEVEL = "-Onone";
			};
			name = Debug;
		};
		4D1C3A60205223470014DDE9 /* Release */ = {
			isa = XCBuildConfiguration;
			buildSettings = {
				ALWAYS_SEARCH_USER_PATHS = NO;
				CLANG_ANALYZER_NONNULL = YES;
				CLANG_ANALYZER_NUMBER_OBJECT_CONVERSION = YES_AGGRESSIVE;
				CLANG_CXX_LANGUAGE_STANDARD = "gnu++14";
				CLANG_CXX_LIBRARY = "libc++";
				CLANG_ENABLE_MODULES = YES;
				CLANG_ENABLE_OBJC_ARC = YES;
				CLANG_WARN_BLOCK_CAPTURE_AUTORELEASING = YES;
				CLANG_WARN_BOOL_CONVERSION = YES;
				CLANG_WARN_COMMA = YES;
				CLANG_WARN_CONSTANT_CONVERSION = YES;
				CLANG_WARN_DIRECT_OBJC_ISA_USAGE = YES_ERROR;
				CLANG_WARN_DOCUMENTATION_COMMENTS = YES;
				CLANG_WARN_EMPTY_BODY = YES;
				CLANG_WARN_ENUM_CONVERSION = YES;
				CLANG_WARN_INFINITE_RECURSION = YES;
				CLANG_WARN_INT_CONVERSION = YES;
				CLANG_WARN_NON_LITERAL_NULL_CONVERSION = YES;
				CLANG_WARN_OBJC_LITERAL_CONVERSION = YES;
				CLANG_WARN_OBJC_ROOT_CLASS = YES_ERROR;
				CLANG_WARN_RANGE_LOOP_ANALYSIS = YES;
				CLANG_WARN_STRICT_PROTOTYPES = YES;
				CLANG_WARN_SUSPICIOUS_MOVE = YES;
				CLANG_WARN_UNGUARDED_AVAILABILITY = YES_AGGRESSIVE;
				CLANG_WARN_UNREACHABLE_CODE = YES;
				CLANG_WARN__DUPLICATE_METHOD_MATCH = YES;
				CODE_SIGN_IDENTITY = "iPhone Developer";
				COPY_PHASE_STRIP = NO;
				DEBUG_INFORMATION_FORMAT = "dwarf-with-dsym";
				ENABLE_NS_ASSERTIONS = NO;
				ENABLE_STRICT_OBJC_MSGSEND = YES;
				GCC_C_LANGUAGE_STANDARD = gnu11;
				GCC_NO_COMMON_BLOCKS = YES;
				GCC_WARN_64_TO_32_BIT_CONVERSION = YES;
				GCC_WARN_ABOUT_RETURN_TYPE = YES_ERROR;
				GCC_WARN_UNDECLARED_SELECTOR = YES;
				GCC_WARN_UNINITIALIZED_AUTOS = YES_AGGRESSIVE;
				GCC_WARN_UNUSED_FUNCTION = YES;
				GCC_WARN_UNUSED_VARIABLE = YES;
				IPHONEOS_DEPLOYMENT_TARGET = 9.0;
				MTL_ENABLE_DEBUG_INFO = NO;
				PRODUCT_NAME = "$(TARGET_NAME)";
				SDKROOT = iphoneos;
				SWIFT_OPTIMIZATION_LEVEL = "-Owholemodule";
				VALIDATE_PRODUCT = YES;
			};
			name = Release;
		};
		4D1C3A62205223470014DDE9 /* Debug */ = {
			isa = XCBuildConfiguration;
			buildSettings = {
				ASSETCATALOG_COMPILER_APPICON_NAME = AppIcon;
				"CODE_SIGN_IDENTITY[sdk=iphoneos*]" = "iPhone Developer";
				CODE_SIGN_STYLE = Automatic;
				DEVELOPMENT_TEAM = ENNJNCUK8H;
				FRAMEWORK_SEARCH_PATHS = "$(SRCROOT)/../Carthage/Build/iOS/**";
				HEADER_SEARCH_PATHS = "";
				INFOPLIST_FILE = vest/Info.plist;
				IPHONEOS_DEPLOYMENT_TARGET = 9.0;
				LD_RUNPATH_SEARCH_PATHS = "$(inherited) @executable_path/Frameworks \"$(SRCROOT)/../Carthage/Build/iOS\"";
				PRODUCT_BUNDLE_IDENTIFIER = com.mark.vest;
				PRODUCT_NAME = "$(TARGET_NAME)";
				PROVISIONING_PROFILE_SPECIFIER = "";
				SWIFT_VERSION = 4.0;
				TARGETED_DEVICE_FAMILY = "1,2";
			};
			name = Debug;
		};
		4D1C3A63205223470014DDE9 /* Release */ = {
			isa = XCBuildConfiguration;
			buildSettings = {
				ASSETCATALOG_COMPILER_APPICON_NAME = AppIcon;
				"CODE_SIGN_IDENTITY[sdk=iphoneos*]" = "iPhone Developer";
				CODE_SIGN_STYLE = Automatic;
				DEVELOPMENT_TEAM = ENNJNCUK8H;
				FRAMEWORK_SEARCH_PATHS = "$(SRCROOT)/../Carthage/Build/iOS/**";
				HEADER_SEARCH_PATHS = "";
				INFOPLIST_FILE = vest/Info.plist;
				IPHONEOS_DEPLOYMENT_TARGET = 9.0;
				LD_RUNPATH_SEARCH_PATHS = "$(inherited) @executable_path/Frameworks \"$(SRCROOT)/../Carthage/Build/iOS\"";
				PRODUCT_BUNDLE_IDENTIFIER = com.mark.vest;
				PRODUCT_NAME = "$(TARGET_NAME)";
				PROVISIONING_PROFILE_SPECIFIER = "";
				SWIFT_VERSION = 4.0;
				TARGETED_DEVICE_FAMILY = "1,2";
			};
			name = Release;
		};
/* End XCBuildConfiguration section */

/* Begin XCConfigurationList section */
		4D1C3A48205223470014DDE9 /* Build configuration list for PBXProject "vest" */ = {
			isa = XCConfigurationList;
			buildConfigurations = (
				4D1C3A5F205223470014DDE9 /* Debug */,
				4D1C3A60205223470014DDE9 /* Release */,
			);
			defaultConfigurationIsVisible = 0;
			defaultConfigurationName = Release;
		};
		4D1C3A61205223470014DDE9 /* Build configuration list for PBXNativeTarget "VEST" */ = {
			isa = XCConfigurationList;
			buildConfigurations = (
				4D1C3A62205223470014DDE9 /* Debug */,
				4D1C3A63205223470014DDE9 /* Release */,
			);
			defaultConfigurationIsVisible = 0;
			defaultConfigurationName = Release;
		};
/* End XCConfigurationList section */
	};
	rootObject = 4D1C3A45205223470014DDE9 /* Project object */;
}
